hash: 0f6f43f9504b7de4a69101ad5c4e5b2a507e884609d85e931f3abb3943c7b1e5
updated: 2022-05-09T00:15:47.1887898-03:00
imports:
- name: github.com/gorilla/mux
  version: 91708ff8e35bafc8612f690a25f5dd0be6f16864
- name: github.com/lib/pq
  version: 006a3f492338e7f74b87a2c16d2c4be10cc04ae6
  subpackages:
  - oid
  - scram
testImports: []
